
Microsoft Visual Studio Solution File, Format Version 10.00
# Visual Studio 2008
Project("{FAE04EC0-301F-11D3-BF4B-00C04F79EFBC}") = "EricUtility", "EricUtility\EricUtility.csproj", "{0F0C8756-B68E-4526-A3BC-7FBD28506933}"
EndProject
Project("{FAE04EC0-301F-11D3-BF4B-00C04F79EFBC}") = "EricUtilityWinForms", "EricUtilityWinForms\EricUtilityWinForms.csproj", "{A99CC660-3B22-40B6-AD78-A59469E5E83D}"
EndProject
Global
	GlobalSection(SolutionConfigurationPlatforms) = preSolution
		Debug|Any CPU = Debug|Any CPU
		Release|Any CPU = Release|Any CPU
	EndGlobalSection
	GlobalSection(ProjectConfigurationPlatforms) = postSolution
		{0F0C8756-B68E-4526-A3BC-7FBD28506933}.Debug|Any CPU.ActiveCfg = Debug|Any CPU
		{0F0C8756-B68E-4526-A3BC-7FBD28506933}.Debug|Any CPU.Build.0 = Debug|Any CPU
		{0F0C8756-B68E-4526-A3BC-7FBD28506933}.Release|Any CPU.ActiveCfg = Release|Any CPU
		{0F0C8756-B68E-4526-A3BC-7FBD28506933}.Release|Any CPU.Build.0 = Release|Any CPU
		{A99CC660-3B22-40B6-AD78-A59469E5E83D}.Debug|Any CPU.ActiveCfg = Debug|Any CPU
		{A99CC660-3B22-40B6-AD78-A59469E5E83D}.Debug|Any CPU.Build.0 = Debug|Any CPU
		{A99CC660-3B22-40B6-AD78-A59469E5E83D}.Release|Any CPU.ActiveCfg = Release|Any CPU
		{A99CC660-3B22-40B6-AD78-A59469E5E83D}.Release|Any CPU.Build.0 = Release|Any CPU
	EndGlobalSection
	GlobalSection(SolutionProperties) = preSolution
		HideSolutionNode = FALSE
	EndGlobalSection
	GlobalSection(ExtensibilityGlobals) = postSolution
		VisualSVNWorkingCopyRoot = .
	EndGlobalSection
EndGlobal
