
Microsoft Visual Studio Solution File, Format Version 12.00
# Visual Studio 2013
VisualStudioVersion = 12.0.30501.0
MinimumVisualStudioVersion = 10.0.40219.1
Project("{FAE04EC0-301F-11D3-BF4B-00C04F79EFBC}") = "Com.Ericmas001.Util", "Com.Ericmas001.Util\Com.Ericmas001.Util.csproj", "{473A461C-A3EF-49A1-B4EF-0FDBE2304717}"
EndProject
Project("{FAE04EC0-301F-11D3-BF4B-00C04F79EFBC}") = "Com.Ericmas001.Data", "Com.Ericmas001.Data\Com.Ericmas001.Data.csproj", "{45455D67-5295-471F-9304-22208A3FD1FA}"
EndProject
Project("{FAE04EC0-301F-11D3-BF4B-00C04F79EFBC}") = "Com.Ericmas001.Drawing", "Com.Ericmas001.Drawing\Com.Ericmas001.Drawing.csproj", "{99E7308C-6F44-4DD0-8F0B-E3A432BE4E78}"
EndProject
Project("{FAE04EC0-301F-11D3-BF4B-00C04F79EFBC}") = "Com.Ericmas001.Net", "Com.Ericmas001.Net\Com.Ericmas001.Net.csproj", "{51054DBD-FA2E-4617-BC78-F5CAABE926F2}"
EndProject
Project("{FAE04EC0-301F-11D3-BF4B-00C04F79EFBC}") = "Com.Ericmas001.Collections", "Com.Ericmas001.Collections\Com.Ericmas001.Collections.csproj", "{48BED84D-B03C-4708-BF68-21BD4922A51C}"
EndProject
Project("{FAE04EC0-301F-11D3-BF4B-00C04F79EFBC}") = "Com.Ericmas001.Windows.Forms", "Com.Ericmas001.Windows.Forms\Com.Ericmas001.Windows.Forms.csproj", "{47E11091-F60C-4263-90B4-B4107A27057F}"
EndProject
Project("{FAE04EC0-301F-11D3-BF4B-00C04F79EFBC}") = "Com.Ericmas001.Wpf", "Com.Ericmas001.Wpf\Com.Ericmas001.Wpf.csproj", "{FD30CD4E-ACDB-420C-8C1F-5C4B64DD3210}"
EndProject
Project("{FAE04EC0-301F-11D3-BF4B-00C04F79EFBC}") = "Com.Ericmas001.Games", "Com.Ericmas001.Games\Com.Ericmas001.Games.csproj", "{64D407D1-1119-42A6-86F2-A98A31FDB3B2}"
EndProject
Project("{FAE04EC0-301F-11D3-BF4B-00C04F79EFBC}") = "Com.Ericmas001.Games.Windows.Forms", "Com.Ericmas001.Games.Windows.Forms\Com.Ericmas001.Games.Windows.Forms.csproj", "{44296C72-756A-4304-B975-660C80F8D2ED}"
EndProject
Project("{FAE04EC0-301F-11D3-BF4B-00C04F79EFBC}") = "Com.Ericmas001.Net.JSON", "Com.Ericmas001.Net.JSON\Com.Ericmas001.Net.JSON.csproj", "{50FDAD8F-01C6-4B41-9547-8E212BBEB9B4}"
EndProject
Project("{FAE04EC0-301F-11D3-BF4B-00C04F79EFBC}") = "Com.Ericmas001.Downloader", "Com.Ericmas001.Downloader\Com.Ericmas001.Downloader.csproj", "{C4CB53D6-CE1A-4814-BC0A-36D8FF792E6F}"
EndProject
Project("{FAE04EC0-301F-11D3-BF4B-00C04F79EFBC}") = "Com.Ericmas001.Downloader.Windows.Forms", "Com.Ericmas001.Downloader.Windows.Forms\Com.Ericmas001.Downloader.Windows.Forms.csproj", "{7FD7F2D1-1AD9-4373-B28E-4B55938CC19F}"
EndProject
Project("{FAE04EC0-301F-11D3-BF4B-00C04F79EFBC}") = "Com.Ericmas001.Net.Protocol", "Com.Ericmas001.Net.Protocol\Com.Ericmas001.Net.Protocol.csproj", "{74DFF71C-67D4-4AFC-9688-766EB32AD4F6}"
EndProject
Project("{FAE04EC0-301F-11D3-BF4B-00C04F79EFBC}") = "Com.Ericmas001.Wpf.ItemsFilter", "Com.Ericmas001.Wpf.ItemsFilter\Com.Ericmas001.Wpf.ItemsFilter.csproj", "{2BBB5268-A792-479C-8F3F-DA71E57EA0D7}"
EndProject
Project("{FAE04EC0-301F-11D3-BF4B-00C04F79EFBC}") = "Com.Ericmas001.Wpf.HtmlEditor", "Com.Ericmas001.Wpf.HtmlEditor\Com.Ericmas001.Wpf.HtmlEditor.csproj", "{B655D1A9-9DDC-4C7D-8828-7E88FB6A3887}"
EndProject
Project("{FAE04EC0-301F-11D3-BF4B-00C04F79EFBC}") = "WpfApplication1", "WpfApplication1\WpfApplication1.csproj", "{02D7B40C-9AE8-4982-B13C-1316D82D10FA}"
EndProject
Global
	GlobalSection(SubversionScc) = preSolution
		Svn-Managed = True
		Manager = AnkhSVN - Subversion Support for Visual Studio
	EndGlobalSection
	GlobalSection(SolutionConfigurationPlatforms) = preSolution
		Debug|Any CPU = Debug|Any CPU
		Release|Any CPU = Release|Any CPU
	EndGlobalSection
	GlobalSection(ProjectConfigurationPlatforms) = postSolution
		{473A461C-A3EF-49A1-B4EF-0FDBE2304717}.Debug|Any CPU.ActiveCfg = Debug|Any CPU
		{473A461C-A3EF-49A1-B4EF-0FDBE2304717}.Debug|Any CPU.Build.0 = Debug|Any CPU
		{473A461C-A3EF-49A1-B4EF-0FDBE2304717}.Release|Any CPU.ActiveCfg = Release|Any CPU
		{473A461C-A3EF-49A1-B4EF-0FDBE2304717}.Release|Any CPU.Build.0 = Release|Any CPU
		{45455D67-5295-471F-9304-22208A3FD1FA}.Debug|Any CPU.ActiveCfg = Debug|Any CPU
		{45455D67-5295-471F-9304-22208A3FD1FA}.Debug|Any CPU.Build.0 = Debug|Any CPU
		{45455D67-5295-471F-9304-22208A3FD1FA}.Release|Any CPU.ActiveCfg = Release|Any CPU
		{45455D67-5295-471F-9304-22208A3FD1FA}.Release|Any CPU.Build.0 = Release|Any CPU
		{99E7308C-6F44-4DD0-8F0B-E3A432BE4E78}.Debug|Any CPU.ActiveCfg = Debug|Any CPU
		{99E7308C-6F44-4DD0-8F0B-E3A432BE4E78}.Debug|Any CPU.Build.0 = Debug|Any CPU
		{99E7308C-6F44-4DD0-8F0B-E3A432BE4E78}.Release|Any CPU.ActiveCfg = Release|Any CPU
		{99E7308C-6F44-4DD0-8F0B-E3A432BE4E78}.Release|Any CPU.Build.0 = Release|Any CPU
		{51054DBD-FA2E-4617-BC78-F5CAABE926F2}.Debug|Any CPU.ActiveCfg = Debug|Any CPU
		{51054DBD-FA2E-4617-BC78-F5CAABE926F2}.Debug|Any CPU.Build.0 = Debug|Any CPU
		{51054DBD-FA2E-4617-BC78-F5CAABE926F2}.Release|Any CPU.ActiveCfg = Release|Any CPU
		{51054DBD-FA2E-4617-BC78-F5CAABE926F2}.Release|Any CPU.Build.0 = Release|Any CPU
		{48BED84D-B03C-4708-BF68-21BD4922A51C}.Debug|Any CPU.ActiveCfg = Debug|Any CPU
		{48BED84D-B03C-4708-BF68-21BD4922A51C}.Debug|Any CPU.Build.0 = Debug|Any CPU
		{48BED84D-B03C-4708-BF68-21BD4922A51C}.Release|Any CPU.ActiveCfg = Release|Any CPU
		{48BED84D-B03C-4708-BF68-21BD4922A51C}.Release|Any CPU.Build.0 = Release|Any CPU
		{47E11091-F60C-4263-90B4-B4107A27057F}.Debug|Any CPU.ActiveCfg = Debug|Any CPU
		{47E11091-F60C-4263-90B4-B4107A27057F}.Debug|Any CPU.Build.0 = Debug|Any CPU
		{47E11091-F60C-4263-90B4-B4107A27057F}.Release|Any CPU.ActiveCfg = Release|Any CPU
		{47E11091-F60C-4263-90B4-B4107A27057F}.Release|Any CPU.Build.0 = Release|Any CPU
		{FD30CD4E-ACDB-420C-8C1F-5C4B64DD3210}.Debug|Any CPU.ActiveCfg = Debug|Any CPU
		{FD30CD4E-ACDB-420C-8C1F-5C4B64DD3210}.Debug|Any CPU.Build.0 = Debug|Any CPU
		{FD30CD4E-ACDB-420C-8C1F-5C4B64DD3210}.Release|Any CPU.ActiveCfg = Release|Any CPU
		{FD30CD4E-ACDB-420C-8C1F-5C4B64DD3210}.Release|Any CPU.Build.0 = Release|Any CPU
		{64D407D1-1119-42A6-86F2-A98A31FDB3B2}.Debug|Any CPU.ActiveCfg = Debug|Any CPU
		{64D407D1-1119-42A6-86F2-A98A31FDB3B2}.Debug|Any CPU.Build.0 = Debug|Any CPU
		{64D407D1-1119-42A6-86F2-A98A31FDB3B2}.Release|Any CPU.ActiveCfg = Release|Any CPU
		{64D407D1-1119-42A6-86F2-A98A31FDB3B2}.Release|Any CPU.Build.0 = Release|Any CPU
		{44296C72-756A-4304-B975-660C80F8D2ED}.Debug|Any CPU.ActiveCfg = Debug|Any CPU
		{44296C72-756A-4304-B975-660C80F8D2ED}.Debug|Any CPU.Build.0 = Debug|Any CPU
		{44296C72-756A-4304-B975-660C80F8D2ED}.Release|Any CPU.ActiveCfg = Release|Any CPU
		{44296C72-756A-4304-B975-660C80F8D2ED}.Release|Any CPU.Build.0 = Release|Any CPU
		{50FDAD8F-01C6-4B41-9547-8E212BBEB9B4}.Debug|Any CPU.ActiveCfg = Debug|Any CPU
		{50FDAD8F-01C6-4B41-9547-8E212BBEB9B4}.Debug|Any CPU.Build.0 = Debug|Any CPU
		{50FDAD8F-01C6-4B41-9547-8E212BBEB9B4}.Release|Any CPU.ActiveCfg = Release|Any CPU
		{50FDAD8F-01C6-4B41-9547-8E212BBEB9B4}.Release|Any CPU.Build.0 = Release|Any CPU
		{C4CB53D6-CE1A-4814-BC0A-36D8FF792E6F}.Debug|Any CPU.ActiveCfg = Debug|Any CPU
		{C4CB53D6-CE1A-4814-BC0A-36D8FF792E6F}.Debug|Any CPU.Build.0 = Debug|Any CPU
		{C4CB53D6-CE1A-4814-BC0A-36D8FF792E6F}.Release|Any CPU.ActiveCfg = Release|Any CPU
		{C4CB53D6-CE1A-4814-BC0A-36D8FF792E6F}.Release|Any CPU.Build.0 = Release|Any CPU
		{7FD7F2D1-1AD9-4373-B28E-4B55938CC19F}.Debug|Any CPU.ActiveCfg = Debug|Any CPU
		{7FD7F2D1-1AD9-4373-B28E-4B55938CC19F}.Debug|Any CPU.Build.0 = Debug|Any CPU
		{7FD7F2D1-1AD9-4373-B28E-4B55938CC19F}.Release|Any CPU.ActiveCfg = Release|Any CPU
		{7FD7F2D1-1AD9-4373-B28E-4B55938CC19F}.Release|Any CPU.Build.0 = Release|Any CPU
		{74DFF71C-67D4-4AFC-9688-766EB32AD4F6}.Debug|Any CPU.ActiveCfg = Debug|Any CPU
		{74DFF71C-67D4-4AFC-9688-766EB32AD4F6}.Debug|Any CPU.Build.0 = Debug|Any CPU
		{74DFF71C-67D4-4AFC-9688-766EB32AD4F6}.Release|Any CPU.ActiveCfg = Release|Any CPU
		{74DFF71C-67D4-4AFC-9688-766EB32AD4F6}.Release|Any CPU.Build.0 = Release|Any CPU
		{2BBB5268-A792-479C-8F3F-DA71E57EA0D7}.Debug|Any CPU.ActiveCfg = Debug|Any CPU
		{2BBB5268-A792-479C-8F3F-DA71E57EA0D7}.Debug|Any CPU.Build.0 = Debug|Any CPU
		{2BBB5268-A792-479C-8F3F-DA71E57EA0D7}.Release|Any CPU.ActiveCfg = Release|Any CPU
		{2BBB5268-A792-479C-8F3F-DA71E57EA0D7}.Release|Any CPU.Build.0 = Release|Any CPU
		{B655D1A9-9DDC-4C7D-8828-7E88FB6A3887}.Debug|Any CPU.ActiveCfg = Debug|Any CPU
		{B655D1A9-9DDC-4C7D-8828-7E88FB6A3887}.Debug|Any CPU.Build.0 = Debug|Any CPU
		{B655D1A9-9DDC-4C7D-8828-7E88FB6A3887}.Release|Any CPU.ActiveCfg = Release|Any CPU
		{B655D1A9-9DDC-4C7D-8828-7E88FB6A3887}.Release|Any CPU.Build.0 = Release|Any CPU
		{02D7B40C-9AE8-4982-B13C-1316D82D10FA}.Debug|Any CPU.ActiveCfg = Debug|Any CPU
		{02D7B40C-9AE8-4982-B13C-1316D82D10FA}.Debug|Any CPU.Build.0 = Debug|Any CPU
		{02D7B40C-9AE8-4982-B13C-1316D82D10FA}.Release|Any CPU.ActiveCfg = Release|Any CPU
		{02D7B40C-9AE8-4982-B13C-1316D82D10FA}.Release|Any CPU.Build.0 = Release|Any CPU
	EndGlobalSection
	GlobalSection(SolutionProperties) = preSolution
		HideSolutionNode = FALSE
	EndGlobalSection
EndGlobal
