
Microsoft Visual Studio Solution File, Format Version 11.00
# Visual Studio 2010
Project("{FAE04EC0-301F-11D3-BF4B-00C04F79EFBC}") = "EricUtility2011", "EricUtility\EricUtility2011.csproj", "{E88C4AEF-1B0B-45C0-A08D-CBCDA35C1E62}"
EndProject
Project("{FAE04EC0-301F-11D3-BF4B-00C04F79EFBC}") = "EricUtilityCollections2011", "EricUtilityCollections\EricUtilityCollections2011.csproj", "{E6120916-9399-4BF5-8F95-19D79DF74067}"
EndProject
Project("{FAE04EC0-301F-11D3-BF4B-00C04F79EFBC}") = "EricUtilityGames2011", "EricUtilityGames\EricUtilityGames2011.csproj", "{3177997F-D216-4B02-855B-9BDE6406D51F}"
EndProject
Project("{FAE04EC0-301F-11D3-BF4B-00C04F79EFBC}") = "EricUtilityGamesWinForms2011", "EricUtilityGamesWinForms\EricUtilityGamesWinForms2011.csproj", "{F6CEBA42-0FAF-42E8-9A16-55A42D861EA6}"
EndProject
Project("{FAE04EC0-301F-11D3-BF4B-00C04F79EFBC}") = "EricUtilityNetworking2011", "EricUtilityNetworking\EricUtilityNetworking2011.csproj", "{980F8DE9-2F6E-4A96-849D-23754B364271}"
EndProject
Project("{FAE04EC0-301F-11D3-BF4B-00C04F79EFBC}") = "EricUtilityWinForms2011", "EricUtilityWinForms\EricUtilityWinForms2011.csproj", "{ABF7D9DE-3646-4737-8EFC-5C3D5FD1CFA5}"
EndProject
Global
	GlobalSection(SolutionConfigurationPlatforms) = preSolution
		Debug|Any CPU = Debug|Any CPU
		Release|Any CPU = Release|Any CPU
	EndGlobalSection
	GlobalSection(ProjectConfigurationPlatforms) = postSolution
		{E88C4AEF-1B0B-45C0-A08D-CBCDA35C1E62}.Debug|Any CPU.ActiveCfg = Debug|Any CPU
		{E88C4AEF-1B0B-45C0-A08D-CBCDA35C1E62}.Debug|Any CPU.Build.0 = Debug|Any CPU
		{E88C4AEF-1B0B-45C0-A08D-CBCDA35C1E62}.Release|Any CPU.ActiveCfg = Release|Any CPU
		{E88C4AEF-1B0B-45C0-A08D-CBCDA35C1E62}.Release|Any CPU.Build.0 = Release|Any CPU
		{E6120916-9399-4BF5-8F95-19D79DF74067}.Debug|Any CPU.ActiveCfg = Debug|Any CPU
		{E6120916-9399-4BF5-8F95-19D79DF74067}.Debug|Any CPU.Build.0 = Debug|Any CPU
		{E6120916-9399-4BF5-8F95-19D79DF74067}.Release|Any CPU.ActiveCfg = Release|Any CPU
		{E6120916-9399-4BF5-8F95-19D79DF74067}.Release|Any CPU.Build.0 = Release|Any CPU
		{3177997F-D216-4B02-855B-9BDE6406D51F}.Debug|Any CPU.ActiveCfg = Debug|Any CPU
		{3177997F-D216-4B02-855B-9BDE6406D51F}.Debug|Any CPU.Build.0 = Debug|Any CPU
		{3177997F-D216-4B02-855B-9BDE6406D51F}.Release|Any CPU.ActiveCfg = Release|Any CPU
		{3177997F-D216-4B02-855B-9BDE6406D51F}.Release|Any CPU.Build.0 = Release|Any CPU
		{F6CEBA42-0FAF-42E8-9A16-55A42D861EA6}.Debug|Any CPU.ActiveCfg = Debug|Any CPU
		{F6CEBA42-0FAF-42E8-9A16-55A42D861EA6}.Debug|Any CPU.Build.0 = Debug|Any CPU
		{F6CEBA42-0FAF-42E8-9A16-55A42D861EA6}.Release|Any CPU.ActiveCfg = Release|Any CPU
		{F6CEBA42-0FAF-42E8-9A16-55A42D861EA6}.Release|Any CPU.Build.0 = Release|Any CPU
		{980F8DE9-2F6E-4A96-849D-23754B364271}.Debug|Any CPU.ActiveCfg = Debug|Any CPU
		{980F8DE9-2F6E-4A96-849D-23754B364271}.Debug|Any CPU.Build.0 = Debug|Any CPU
		{980F8DE9-2F6E-4A96-849D-23754B364271}.Release|Any CPU.ActiveCfg = Release|Any CPU
		{980F8DE9-2F6E-4A96-849D-23754B364271}.Release|Any CPU.Build.0 = Release|Any CPU
		{ABF7D9DE-3646-4737-8EFC-5C3D5FD1CFA5}.Debug|Any CPU.ActiveCfg = Debug|Any CPU
		{ABF7D9DE-3646-4737-8EFC-5C3D5FD1CFA5}.Debug|Any CPU.Build.0 = Debug|Any CPU
		{ABF7D9DE-3646-4737-8EFC-5C3D5FD1CFA5}.Release|Any CPU.ActiveCfg = Release|Any CPU
		{ABF7D9DE-3646-4737-8EFC-5C3D5FD1CFA5}.Release|Any CPU.Build.0 = Release|Any CPU
	EndGlobalSection
	GlobalSection(SolutionProperties) = preSolution
		HideSolutionNode = FALSE
	EndGlobalSection
EndGlobal
